{
  "nodes": {
    "calendar-master": {
      "inputs": {
        "flakeNimbleLib": [
          "flakeNimbleLib"
        ],
        "nixpkgs": [
          "nixpkgs"
        ],
        "src-calendar-master": "src-calendar-master"
      },
      "locked": {
        "dir": "master",
        "lastModified": 1662254385,
        "narHash": "sha256-ftjQ1iB5jsUKuyPB4pGRs8ZFKaZL1BbpOhhojHSUw6E=",
        "owner": "nim-nix-pkgs",
        "repo": "calendar",
        "rev": "893fb9f0cbce599c8cb1e99d77e055cf4bf7190d",
        "type": "github"
      },
      "original": {
        "dir": "master",
        "owner": "nim-nix-pkgs",
        "ref": "master",
        "repo": "calendar",
        "type": "github"
      }
    },
    "flakeNimbleLib": {
      "inputs": {
        "nixpkgs": [
          "nixpkgs"
        ]
      },
      "locked": {
        "lastModified": 1662018438,
        "narHash": "sha256-QtNtU6+LX3Wokxf0zlFwKTFOcn6TeDjKQZ+DA9OYtvM=",
        "owner": "riinr",
        "repo": "nim-flakes-lib",
        "rev": "b1fe8340736e3a85d25c709ac3dfd82a55c03cbf",
        "type": "github"
      },
      "original": {
        "owner": "riinr",
        "ref": "master",
        "repo": "nim-flakes-lib",
        "type": "github"
      }
    },
    "nixpkgs": {
      "locked": {
        "lastModified": 1667110639,
        "narHash": "sha256-4FbPESZ5LbqQxkJJJBAfk/zKgF9h/4kyUwjjpJwYlbc=",
        "owner": "NixOS",
        "repo": "nixpkgs",
        "rev": "f38a1f04d1bec1feb61fd101a0539ae2002a7087",
        "type": "github"
      },
      "original": {
        "id": "nixpkgs",
        "type": "indirect"
      }
    },
    "root": {
      "inputs": {
        "calendar-master": "calendar-master",
        "flakeNimbleLib": "flakeNimbleLib",
        "nixpkgs": "nixpkgs"
      }
    },
    "src-calendar-master": {
      "flake": false,
      "locked": {
        "lastModified": 1595974964,
        "narHash": "sha256-QRLsBYhekYg9gwBazWPewbdUKJudG93TveL8QF4DIKU=",
        "owner": "adam-mcdaniel",
        "repo": "calendar",
        "rev": "1b748dbed1be5092dff20f8e9a555b193c022dc9",
        "type": "github"
      },
      "original": {
        "owner": "adam-mcdaniel",
        "ref": "refs/heads/master",
        "repo": "calendar",
        "type": "github"
      }
    }
  },
  "root": "root",
  "version": 7
}
